<?xml version="1.0" encoding="utf-8"?>
<Project ToolsVersion="17.0" xmlns="http://schemas.microsoft.com/developer/msbuild/2003">
  <ItemGroup>
    <ClCompile Include="D:\work\C++\DistributedLIbs\SimpleLogger\TestCmakeAsLiteral\testProg.cpp">
      <Filter>Source Files</Filter>
    </ClCompile>
  </ItemGroup>
  <ItemGroup>
    <CustomBuild Include="D:\work\C++\DistributedLIbs\SimpleLogger\TestCmakeAsLiteral\CMakeLists.txt" />
  </ItemGroup>
  <ItemGroup>
    <Filter Include="Source Files">
      <UniqueIdentifier>{4D2892F5-4268-3E51-9491-116BC454081F}</UniqueIdentifier>
    </Filter>
  </ItemGroup>
</Project>
