<?xml version="1.0" encoding="utf-8"?>
<Project ToolsVersion="17.0" xmlns="http://schemas.microsoft.com/developer/msbuild/2003">
  <ItemGroup>
    <ClCompile Include="D:\work\C++\DistributedLIbs\SimpleLogger\TestCmakeAsLiteral\theLib.cpp">
      <Filter>Source Files</Filter>
    </ClCompile>
  </ItemGroup>
  <ItemGroup>
    <ClInclude Include="D:\work\C++\DistributedLIbs\SimpleLogger\TestCmakeAsLiteral\theLib.hpp">
      <Filter>Header Files</Filter>
    </ClInclude>
  </ItemGroup>
  <ItemGroup>
    <CustomBuild Include="D:\work\C++\DistributedLIbs\SimpleLogger\TestCmakeAsLiteral\CMakeLists.txt" />
  </ItemGroup>
  <ItemGroup>
    <Filter Include="Header Files">
      <UniqueIdentifier>{268EEE7E-9C21-3A6B-BFC0-C6D9E3A05143}</UniqueIdentifier>
    </Filter>
    <Filter Include="Source Files">
      <UniqueIdentifier>{4D2892F5-4268-3E51-9491-116BC454081F}</UniqueIdentifier>
    </Filter>
  </ItemGroup>
</Project>
